# This file is automatically @generated by Cargo.
# It is not intended for manual editing.
version = 4

[[package]]
name = "drivers"
version = "0.1.0"
dependencies = [
 "sysshared",
]

[[package]]
name = "kernel"
version = "0.1.0"
dependencies = [
 "drivers",
 "sysshared",
]

[[package]]
name = "secondary_boot"
version = "0.1.0"
dependencies = [
 "sysshared",
]

[[package]]
name = "sysshared"
version = "0.1.0"

[[package]]
name = "utils"
version = "0.1.0"
dependencies = [
 "sysshared",
]
